
Microsoft Visual Studio Solution File, Format Version 12.00
# Visual Studio 2012
Project("{FAE04EC0-301F-11D3-BF4B-00C04F79EFBC}") = "MediaBrowser.Plugins.Kylo", "MediaBrowser.Plugins.Kylo\MediaBrowser.Plugins.Kylo.csproj", "{328979BD-6247-4182-B7F5-4F43F00D60FF}"
EndProject
Project("{2150E333-8FDC-42A3-9474-1A3956D46DE8}") = ".nuget", ".nuget", "{1299263F-D48B-43F2-9ACE-F8DE32EC846A}"
	ProjectSection(SolutionItems) = preProject
		.nuget\NuGet.Config = .nuget\NuGet.Config
		.nuget\NuGet.exe = .nuget\NuGet.exe
		.nuget\NuGet.targets = .nuget\NuGet.targets
	EndProjectSection
EndProject
Project("{FAE04EC0-301F-11D3-BF4B-00C04F79EFBC}") = "MediaBrowser.Plugins.WindowsMediaCenter", "MediaBrowser.Plugins.WindowsMediaCenter\MediaBrowser.Plugins.WindowsMediaCenter.csproj", "{F1BDEF9D-F6E9-4906-97F8-A9278A908192}"
EndProject
Project("{FAE04EC0-301F-11D3-BF4B-00C04F79EFBC}") = "MediaBrowser.Plugins.Steam", "MediaBrowser.Plugins.Steam\MediaBrowser.Plugins.Steam.csproj", "{D9071D67-C74B-40B9-9ED8-2DCDBC258565}"
EndProject
Project("{FAE04EC0-301F-11D3-BF4B-00C04F79EFBC}") = "MediaBrowser.Plugins.Netflix", "MediaBrowser.Plugins.Netflix\MediaBrowser.Plugins.Netflix.csproj", "{912CCADB-CC57-41FC-A390-74FC7ED8EAF5}"
EndProject
Project("{FAE04EC0-301F-11D3-BF4B-00C04F79EFBC}") = "MediaBrowser.Plugins.Channel5", "MediaBrowser.Plugins.Channel5\MediaBrowser.Plugins.Channel5.csproj", "{BDA0D9E3-5470-4C31-B756-0FF1DADC434A}"
EndProject
Project("{FAE04EC0-301F-11D3-BF4B-00C04F79EFBC}") = "MediaBrowser.Plugins.Channel4", "MediaBrowser.Plugins.Channel4\MediaBrowser.Plugins.Channel4.csproj", "{10E7BAF7-B7BF-4F1B-8034-CE03AAAC5037}"
EndProject
Project("{FAE04EC0-301F-11D3-BF4B-00C04F79EFBC}") = "MediaBrowser.Plugins.TVCatchup", "MediaBrowser.Plugins.TVCatchup\MediaBrowser.Plugins.TVCatchup.csproj", "{70A5E9CF-AB75-4DBE-8B3F-BF9AED36FB0D}"
EndProject
Global
	GlobalSection(SolutionConfigurationPlatforms) = preSolution
		Debug|Any CPU = Debug|Any CPU
		Release|Any CPU = Release|Any CPU
	EndGlobalSection
	GlobalSection(ProjectConfigurationPlatforms) = postSolution
		{328979BD-6247-4182-B7F5-4F43F00D60FF}.Debug|Any CPU.ActiveCfg = Debug|Any CPU
		{328979BD-6247-4182-B7F5-4F43F00D60FF}.Debug|Any CPU.Build.0 = Debug|Any CPU
		{328979BD-6247-4182-B7F5-4F43F00D60FF}.Release|Any CPU.ActiveCfg = Release|Any CPU
		{328979BD-6247-4182-B7F5-4F43F00D60FF}.Release|Any CPU.Build.0 = Release|Any CPU
		{F1BDEF9D-F6E9-4906-97F8-A9278A908192}.Debug|Any CPU.ActiveCfg = Debug|Any CPU
		{F1BDEF9D-F6E9-4906-97F8-A9278A908192}.Debug|Any CPU.Build.0 = Debug|Any CPU
		{F1BDEF9D-F6E9-4906-97F8-A9278A908192}.Release|Any CPU.ActiveCfg = Release|Any CPU
		{F1BDEF9D-F6E9-4906-97F8-A9278A908192}.Release|Any CPU.Build.0 = Release|Any CPU
		{D9071D67-C74B-40B9-9ED8-2DCDBC258565}.Debug|Any CPU.ActiveCfg = Debug|Any CPU
		{D9071D67-C74B-40B9-9ED8-2DCDBC258565}.Debug|Any CPU.Build.0 = Debug|Any CPU
		{D9071D67-C74B-40B9-9ED8-2DCDBC258565}.Release|Any CPU.ActiveCfg = Release|Any CPU
		{D9071D67-C74B-40B9-9ED8-2DCDBC258565}.Release|Any CPU.Build.0 = Release|Any CPU
		{912CCADB-CC57-41FC-A390-74FC7ED8EAF5}.Debug|Any CPU.ActiveCfg = Debug|Any CPU
		{912CCADB-CC57-41FC-A390-74FC7ED8EAF5}.Debug|Any CPU.Build.0 = Debug|Any CPU
		{912CCADB-CC57-41FC-A390-74FC7ED8EAF5}.Release|Any CPU.ActiveCfg = Release|Any CPU
		{912CCADB-CC57-41FC-A390-74FC7ED8EAF5}.Release|Any CPU.Build.0 = Release|Any CPU
		{BDA0D9E3-5470-4C31-B756-0FF1DADC434A}.Debug|Any CPU.ActiveCfg = Debug|Any CPU
		{BDA0D9E3-5470-4C31-B756-0FF1DADC434A}.Debug|Any CPU.Build.0 = Debug|Any CPU
		{BDA0D9E3-5470-4C31-B756-0FF1DADC434A}.Release|Any CPU.ActiveCfg = Release|Any CPU
		{BDA0D9E3-5470-4C31-B756-0FF1DADC434A}.Release|Any CPU.Build.0 = Release|Any CPU
		{10E7BAF7-B7BF-4F1B-8034-CE03AAAC5037}.Debug|Any CPU.ActiveCfg = Debug|Any CPU
		{10E7BAF7-B7BF-4F1B-8034-CE03AAAC5037}.Debug|Any CPU.Build.0 = Debug|Any CPU
		{10E7BAF7-B7BF-4F1B-8034-CE03AAAC5037}.Release|Any CPU.ActiveCfg = Release|Any CPU
		{10E7BAF7-B7BF-4F1B-8034-CE03AAAC5037}.Release|Any CPU.Build.0 = Release|Any CPU
		{70A5E9CF-AB75-4DBE-8B3F-BF9AED36FB0D}.Debug|Any CPU.ActiveCfg = Debug|Any CPU
		{70A5E9CF-AB75-4DBE-8B3F-BF9AED36FB0D}.Debug|Any CPU.Build.0 = Debug|Any CPU
		{70A5E9CF-AB75-4DBE-8B3F-BF9AED36FB0D}.Release|Any CPU.ActiveCfg = Release|Any CPU
		{70A5E9CF-AB75-4DBE-8B3F-BF9AED36FB0D}.Release|Any CPU.Build.0 = Release|Any CPU
	EndGlobalSection
	GlobalSection(SolutionProperties) = preSolution
		HideSolutionNode = FALSE
	EndGlobalSection
EndGlobal
